github.com/happy-sdk/happy v1.200.0 h1:roqu0fASa9dSOzHoRzk5nvECX7A6915pKMM+aPDsZNI=
github.com/happy-sdk/happy v1.200.0/go.mod h1:p0nocEuWlP6BtKC3mMc59WP2xiQuLlM3ZCQeR7nh/0s=
github.com/happy-sdk/happy/pkg/bitutils v1.100.0 h1:r2x4QghR133VU/CWxjyhaA/jOw+5uyfuHFw+wv7fhv8=
github.com/happy-sdk/happy/pkg/bitutils v1.100.0/go.mod h1:k6JAuAcgJb2RjUbS5eCo9WgC2Zwv78SUhdzudVjufEQ=
github.com/happy-sdk/happy/pkg/devel/goutils v1.100.0 h1:u/Tk92Nxiv7LH7Wa2+fN/AAWr/nSUH7+PjkVxSNEl4c=
github.com/happy-sdk/happy/pkg/devel/goutils v1.100.0/go.mod h1:RjKep3KufS/1fCHCk7g7fjewDG+YO4jdn9s7t8WIeS0=
github.com/happy-sdk/happy/pkg/devel/testutils v1.100.0 h1:V0rIJf/gqYUdkYxjhggeCJypXK15K5hxyXUl+02CWwE=
github.com/happy-sdk/happy/pkg/devel/testutils v1.100.0/go.mod h1:neqQCJrkhJjB/rWJLEtZAXu9aGp8DX7JsKQFN0xSAJI=
github.com/happy-sdk/happy/pkg/i18n v1.200.0 h1:fueqevZefW9ul51YQbjlKDcfMqnRJk7/tYj/G8BLU/M=
github.com/happy-sdk/happy/pkg/i18n v1.200.0/go.mod h1:JKYai+GKz4q92ck7nZeoh/KM+jq3RJDNfCSXbSGef0U=
github.com/happy-sdk/happy/pkg/logging v1.100.0 h1:HdR7LoR4qTApmmgImZ/FWhGPVfp3KICwOHCcziQZroc=
github.com/happy-sdk/happy/pkg/logging v1.100.0/go.mod h1:pCvK2tgbkdkKmowesJUExfLKlSAM25n/srSHjMtndbs=
github.com/happy-sdk/happy/pkg/networking v1.100.0 h1:mmquYXN4fYLmbA0D1Ihy0jLYJ2wkySyFbGIzrEBrNUg=
github.com/happy-sdk/happy/pkg/networking v1.100.0/go.mod h1:gK68NI/KP8gwiwwSpRZuhlgoL2goJ5aMBIcFaoGvtiU=
github.com/happy-sdk/happy/pkg/options v1.100.0 h1:fAA84z5aGz6AvrQ1XI+unpKnCBus7A/yn6yX238z3Bo=
github.com/happy-sdk/happy/pkg/options v1.100.0/go.mod h1:qW9AhDIBg069nA9gtz98roOAzZ/ZjZnUGKEzx9rcV5c=
github.com/happy-sdk/happy/pkg/scheduling/cron v1.100.0 h1:f12V5/X/M2AlgZz70JVok/u0jNIF5dn6AhKqMn+pEJ0=
github.com/happy-sdk/happy/pkg/scheduling/cron v1.100.0/go.mod h1:b6V0dlVhwkY8Y5U6sr3BIB7KLwoUvgVLsxbZPiwkuLI=
github.com/happy-sdk/happy/pkg/settings v1.100.0 h1:vRLRwRze/kX4dvO7V1pOkbMjCSB1HHY9JaxXR7/z0rw=
github.com/happy-sdk/happy/pkg/settings v1.100.0/go.mod h1:PwBAkEJI8z9J1jiXdfaPPgdrip8K+zSKg5A9evXL83s=
github.com/happy-sdk/happy/pkg/strings/bexp v1.100.0 h1:fY6nwYfCeaDjb35heABPR0Qb70Va61qIJ6dVpsl+h6g=
github.com/happy-sdk/happy/pkg/strings/bexp v1.100.0/go.mod h1:jIIwc3y8QiynAv//AUDWWRa5zEEQgENNH2IyjiRSfLA=
github.com/happy-sdk/happy/pkg/strings/slug v1.100.0 h1:fNiMAk5UwnfkI1NS1HaEktAsEFUQ3ILuOIDoQ06SouY=
github.com/happy-sdk/happy/pkg/strings/slug v1.100.0/go.mod h1:UPyZnUhEDcPqxGPaoIK1ZcTWaFEhRwle8AfaLFR6F6I=
github.com/happy-sdk/happy/pkg/strings/textfmt v1.100.0 h1:D/ngP/WWWmEKJ27OEjyFtqj9RvjwNV1WmY/IRFHBrUs=
github.com/happy-sdk/happy/pkg/strings/textfmt v1.100.0/go.mod h1:1kGZzkDZWbITebFSg45cQDjMPCEvQhXOAX9+OrzcmsA=
github.com/happy-sdk/happy/pkg/tui v1.100.0 h1:oMBXZfNi+BWq0FNJWH1a0ZXhcinviSLOW6UGL1w/OOI=
github.com/happy-sdk/happy/pkg/tui v1.100.0/go.mod h1:xmaqbJ9ig3L1naEQ268TAN5nns9KU0up151ZQoPGRr4=
github.com/happy-sdk/happy/pkg/vars v1.200.0 h1:TiyJAgGv4/i13kYvwFqKIqOBitPiaU84MLMuUrf3hRg=
github.com/happy-sdk/happy/pkg/vars v1.200.0/go.mod h1:QnFHaaK5mU3iQdgaBdgysVSXDlgu9VH8yLc8NGggJ6M=
github.com/happy-sdk/happy/pkg/version v1.100.0 h1:UkhdhQ/DJlg1tK4D8SVuiEa006CGRM863iwlS7ohfFw=
github.com/happy-sdk/happy/pkg/version v1.100.0/go.mod h1:TV+zAsDzyEdJlGusuDqHCk5P6q0LTx6naNL7Hjm+jrI=
golang.org/x/mod v0.38.0 h1:MECBjubtXD7yj4HrhIUcywNaGeNVUdfVnxmPajOk4yk=
golang.org/x/mod v0.38.0/go.mod h1:V6Xz0pq8TQ3dGqVQ1FVHuelZpAL0uNhSkk9ogYP3c40=
golang.org/x/text v0.40.0 h1:Ub2Z6/xjgF1WrYQz2nuITOEegKFtiIy+rieRJ5lHZKs=
golang.org/x/text v0.40.0/go.mod h1:hpnzDAfGV753zIKo+wk3u1bVKCGPbrnF7+7LBF/UHVY=
