charm.land/bubbles/v2 v2.1.1 h1:7r55WzBxpo/R3z98hGmY7KKPd3ET6vsf0Fb9sDHOV60=
charm.land/bubbles/v2 v2.1.1/go.mod h1:GE6M31gaWZVXzGw73OeuTTgy4lX+OtkH0E5ymnNsHxo=
charm.land/bubbletea/v2 v2.0.8 h1:SxTJMhCAI3lbPmy4SgX5LWZ24AdINr4I6UEqzZvYJuY=
charm.land/bubbletea/v2 v2.0.8/go.mod h1:2SkdgoTXluXJHOUwAoRlRXF/28vklb1rFl6GcgV1/ss=
charm.land/lipgloss/v2 v2.0.5 h1:kbNxgeeUOYv5J0YdpxFjfvf3dFvqH8Aci4zB6xqFtrY=
charm.land/lipgloss/v2 v2.0.5/go.mod h1:9oqhxt4yxIMe6q5A4kHr44DremZk7J9UNh74GlWa5nc=
codeberg.org/go-pdf/fpdf v0.12.0 h1:g8E/1VqGqB2lZUUaqQrrTnA0IEJLPTTX1DZ0qS/ZmhU=
codeberg.org/go-pdf/fpdf v0.12.0/go.mod h1:WJNJ2bvCj81rZBdhOf7lKOGoSl+OKMXcIcXqDcP8r5Y=
github.com/aymanbagabas/go-udiff v0.4.1 h1:OEIrQ8maEeDBXQDoGCbbTTXYJMYRCRO1fnodZ12Gv5o=
github.com/aymanbagabas/go-udiff v0.4.1/go.mod h1:0L9PGwj20lrtmEMeyw4WKJ/TMyDtvAoK9bf2u/mNo3w=
github.com/charmbracelet/colorprofile v0.4.3 h1:QPa1IWkYI+AOB+fE+mg/5/4HRMZcaXex9t5KX76i20Q=
github.com/charmbracelet/colorprofile v0.4.3/go.mod h1:/zT4BhpD5aGFpqQQqw7a+VtHCzu+zrQtt1zhMt9mR4Q=
github.com/charmbracelet/harmonica v0.2.0 h1:8NxJWRWg/bzKqqEaaeFNipOu77YR5t8aSwG4pgaUBiQ=
github.com/charmbracelet/harmonica v0.2.0/go.mod h1:KSri/1RMQOZLbw7AHqgcBycp8pgJnQMYYT8QZRqZ1Ao=
github.com/charmbracelet/ultraviolet v0.0.0-20260703014108-f5a850f9c2b7 h1:3FmWoGNWK4STvqg0O0Aeav2T7rodWJAPeF0QpH+8gFw=
github.com/charmbracelet/ultraviolet v0.0.0-20260703014108-f5a850f9c2b7/go.mod h1:f/jRa757WUmaOZrbPspXymbg/GnbF+rwe4OLsG7aXYo=
github.com/charmbracelet/x/ansi v0.11.7 h1:kzv1kJvjg2S3r9KHo8hDdHFQLEqn4RBCb39dAYC84jI=
github.com/charmbracelet/x/ansi v0.11.7/go.mod h1:9qGpnAVYz+8ACONkZBUWPtL7lulP9No6p1epAihUZwQ=
github.com/charmbracelet/x/exp/golden v0.0.0-20250806222409-83e3a29d542f h1:pk6gmGpCE7F3FcjaOEKYriCvpmIN4+6OS/RD0vm4uIA=
github.com/charmbracelet/x/exp/golden v0.0.0-20250806222409-83e3a29d542f/go.mod h1:IfZAMTHB6XkZSeXUqriemErjAWCCzT0LwjKFYCZyw0I=
github.com/charmbracelet/x/term v0.2.2 h1:xVRT/S2ZcKdhhOuSP4t5cLi5o+JxklsoEObBSgfgZRk=
github.com/charmbracelet/x/term v0.2.2/go.mod h1:kF8CY5RddLWrsgVwpw4kAa6TESp6EB5y3uxGLeCqzAI=
github.com/charmbracelet/x/termios v0.1.1 h1:o3Q2bT8eqzGnGPOYheoYS8eEleT5ZVNYNy8JawjaNZY=
github.com/charmbracelet/x/termios v0.1.1/go.mod h1:rB7fnv1TgOPOyyKRJ9o+AsTU/vK5WHJ2ivHeut/Pcwo=
github.com/charmbracelet/x/windows v0.2.2 h1:IofanmuvaxnKHuV04sC0eBy/smG6kIKrWG2/jYn2GuM=
github.com/charmbracelet/x/windows v0.2.2/go.mod h1:/8XtdKZzedat74NQFn0NGlGL4soHB0YQZrETF96h75k=
github.com/clipperhouse/displaywidth v0.11.0 h1:lBc6kY44VFw+TDx4I8opi/EtL9m20WSEFgwIwO+UVM8=
github.com/clipperhouse/displaywidth v0.11.0/go.mod h1:bkrFNkf81G8HyVqmKGxsPufD3JhNl3dSqnGhOoSD/o0=
github.com/clipperhouse/uax29/v2 v2.7.0 h1:+gs4oBZ2gPfVrKPthwbMzWZDaAFPGYK72F0NJv2v7Vk=
github.com/clipperhouse/uax29/v2 v2.7.0/go.mod h1:EFJ2TJMRUaplDxHKj1qAEhCtQPW2tJSwu5BF98AuoVM=
github.com/go-git/gcfg v1.5.1-0.20230307220236-3a3c6141e376 h1:+zs/tPmkDkHx3U66DAb0lQFJrpS6731Oaa12ikc+DiI=
github.com/go-git/gcfg v1.5.1-0.20230307220236-3a3c6141e376/go.mod h1:an3vInlBmSxCcxctByoQdvwPiA7DTK7jaaFDBTtu0ic=
github.com/go-git/go-billy/v5 v5.9.0 h1:jItGXszUDRtR/AlferWPTMN4j38BQ88XnXKbilmmBPA=
github.com/go-git/go-billy/v5 v5.9.0/go.mod h1:jCnQMLj9eUgGU7+ludSTYoZL/GGmii14RxKFj7ROgHw=
github.com/go-git/go-git/v5 v5.19.1 h1:nX27AnaU43/K5bKktKwgBmR9lawoYVe1Ckg0rgzzN00=
github.com/go-git/go-git/v5 v5.19.1/go.mod h1:Pb1v0c7/g8aGQJwx9Us09W85yGoyvSwuhEGMH7zjDKQ=
github.com/goccy/go-yaml v1.19.2 h1:PmFC1S6h8ljIz6gMRBopkjP1TVT7xuwrButHID66PoM=
github.com/goccy/go-yaml v1.19.2/go.mod h1:XBurs7gK8ATbW4ZPGKgcbrY1Br56PdM69F7LkFRi1kA=
github.com/google/uuid v1.6.0 h1:NIvaJDMOsjHA8n1jAhLSgzrAzy1Hgr+hNrb57e+94F0=
github.com/google/uuid v1.6.0/go.mod h1:TIyPZe4MgqvfeYDBFedMoGGpEw/LqOeaOT+nhxU+yHo=
github.com/happy-sdk/happy v1.7.0 h1:Fsz92NDijvAs8XFn9ryfnRILmRh64wsvaprVlLymNq8=
github.com/happy-sdk/happy v1.7.0/go.mod h1:+zttAxTt55FJt2FS62uc37BrDWLeD0IUkqWfeBfT800=
github.com/happy-sdk/happy/lib/changelog v1.0.0 h1:/t4i/4YAiehfJQhMTokqqsMGKU9AtGQCbv2rPDS+1lI=
github.com/happy-sdk/happy/lib/changelog v1.0.0/go.mod h1:IYBuvM8JE4ZmsX+AbhfCxt142ywQhdTZai5WxA/xwlY=
github.com/happy-sdk/happy/lib/taskrunner v1.0.2 h1:9wDIIKeU+5tVR1f3l/IfC/sIDljl3rwPpCISuPypOWk=
github.com/happy-sdk/happy/lib/taskrunner v1.0.2/go.mod h1:po9ZTKrLtj1mu2lN7f9jJFQb9K3MStxr1JfVYy3uqQs=
github.com/happy-sdk/happy/pkg/bitutils v1.0.3 h1:6bK5Nt9KtTotdlV4yHODbM8JlFCVldWdie6VPpyUMQw=
github.com/happy-sdk/happy/pkg/bitutils v1.0.3/go.mod h1:RHPvN0lp1lMAofLV6kPMnVkwWssL4uqqfmBEX+JGG54=
github.com/happy-sdk/happy/pkg/devel/goutils v1.0.2 h1:XY3khrMJRhjT+cTu0Z2/gLi0j0Sps7oakbNO91fnR8o=
github.com/happy-sdk/happy/pkg/devel/goutils v1.0.2/go.mod h1:gpatG2x6/EaNDHOTw0imGk6NISvKrvIOTINoksKH+a0=
github.com/happy-sdk/happy/pkg/devel/testutils v1.3.4 h1:Y399fmaEl6Dod6i9S2mG7tBd8aEyaLe1xNfoQjMPEt8=
github.com/happy-sdk/happy/pkg/devel/testutils v1.3.4/go.mod h1:oUfrdQ/nRMMKseZ9UV5XyKN48f2Qhs53WEMv/E6rlP8=
github.com/happy-sdk/happy/pkg/fsutils v1.0.5 h1:Lj3vbzO7jCo/F86QtUS+FVXPYYIV1PRZgo3R+Gu/P0w=
github.com/happy-sdk/happy/pkg/fsutils v1.0.5/go.mod h1:n3FmBKM9nxgR50wmBUo8LPE9l3aB7R+zSx4NqeM6WeA=
github.com/happy-sdk/happy/pkg/i18n v1.1.5 h1:ZJQg5v8sLiW5f0/pq4C0g2T/JwB1yHWwrSjAwdada1E=
github.com/happy-sdk/happy/pkg/i18n v1.1.5/go.mod h1:gHrn+oGii1WnlkwH7wUjS1i8p+Wx9nihA/vw7jiWT2k=
github.com/happy-sdk/happy/pkg/logging v1.0.4 h1:5mWXllZML2RuqNqqhSlpvCaV19BNG73xkDisFiUuSgs=
github.com/happy-sdk/happy/pkg/logging v1.0.4/go.mod h1:zQdW1ED9iTaAzp2/EjE2iQApPgubhgD0T1l6cTZUi2U=
github.com/happy-sdk/happy/pkg/networking v1.0.1 h1:xUB0xAPHgOrNTO3KKiWpcrM7cPcIGm0/WMTf5epeHFk=
github.com/happy-sdk/happy/pkg/networking v1.0.1/go.mod h1:tXM37la6e1imaxrjhtK5MCWG/mxz7TOldjzch7/m4Jc=
github.com/happy-sdk/happy/pkg/options v1.0.6 h1:qrB7ataAfaCVgu9/GcOT62V8PcSnvGywHLOLISZtyzE=
github.com/happy-sdk/happy/pkg/options v1.0.6/go.mod h1:n20MkN3TOUsBN0juksOUpoe07lDbUI1QgoySHfRroSA=
github.com/happy-sdk/happy/pkg/scheduling/cron v1.0.4 h1:Kn3C2syOesMcEiD4ztjNjpP0EgRJYF02YyqC0AE1r0U=
github.com/happy-sdk/happy/pkg/scheduling/cron v1.0.4/go.mod h1:UwSy73qdFkdD61IJoOAuhAhPgdK4TgjeM5LUeCh01I4=
github.com/happy-sdk/happy/pkg/settings v1.1.9 h1:dfR+jXAh6Z1LQ5UEwOEgHuH0nyYdVmWZi4yRyDRS2LA=
github.com/happy-sdk/happy/pkg/settings v1.1.9/go.mod h1:UanuPlQG9ohRDmT1Lr+W1AYzCoHpaEDqWTa771aSZmw=
github.com/happy-sdk/happy/pkg/strings/bexp v1.7.4 h1:eSul7tzqa3RpwJ38R+8KIyzYcBqZJW38xgoq4JVYZJI=
github.com/happy-sdk/happy/pkg/strings/bexp v1.7.4/go.mod h1:o4rW7Nx3vkCyryzs0QIYs2eBKrFgGqpujCO8VdRK9M8=
github.com/happy-sdk/happy/pkg/strings/slug v1.0.1 h1:Qdf4oySbHAw557MU4kM4DN58hCHKNJk+LdIgngdq+Nk=
github.com/happy-sdk/happy/pkg/strings/slug v1.0.1/go.mod h1:sBCPUCBkoBAl5d9PEALzJ84wX3cyv3skbKHH2X4vopo=
github.com/happy-sdk/happy/pkg/tui v1.0.1 h1:4vF7IuMyCzc4GQsSA3No5bRS/rk7pLKzGxIH6cl1VQk=
github.com/happy-sdk/happy/pkg/tui v1.0.1/go.mod h1:sDj6JC40L4eKYCfD+H/HDaM6nAZrywo0wos7EXDqaB4=
github.com/happy-sdk/happy/pkg/vars v1.1.6 h1:aL/15mDZIOneriqzOtvTCW1dwfTLH5Ne6OxAUNgxiu8=
github.com/happy-sdk/happy/pkg/vars v1.1.6/go.mod h1:4b3Da+zt2Vw9qcEg8ziXWRx3m4KOBu7UrFy8jIQor40=
github.com/happy-sdk/happy/pkg/version v1.0.2 h1:zYc+Zifn7Z31aY6PI7EWDnDZiZBxmT6onlvHzyNxvs4=
github.com/happy-sdk/happy/pkg/version v1.0.2/go.mod h1:OsyLdy2SPkW01oj/9/vs3QqUTVg2SrzONWYd8jKzWVA=
github.com/jbenet/go-context v0.0.0-20150711004518-d14ea06fba99 h1:BQSFePA1RWJOlocH6Fxy8MmwDt+yVQYULKfN0RoTN8A=
github.com/jbenet/go-context v0.0.0-20150711004518-d14ea06fba99/go.mod h1:1lJo3i6rXxKeerYnT8Nvf0QmHCRC1n8sfWVwXF2Frvo=
github.com/kr/pretty v0.3.1 h1:flRD4NNwYAUpkphVc1HcthR4KEIFJ65n8Mw5qdRn3LE=
github.com/kr/pretty v0.3.1/go.mod h1:hoEshYVHaxMs3cyo3Yncou5ZscifuDolrwPKZanG3xk=
github.com/kr/text v0.2.0 h1:5Nx0Ya0ZqY2ygV366QzturHI13Jq95ApcVaJBhpS+AY=
github.com/kr/text v0.2.0/go.mod h1:eLer722TekiGuMkidMxC/pM04lWEeraHUUmBw8l2grE=
github.com/lucasb-eyer/go-colorful v1.4.0 h1:UtrWVfLdarDgc44HcS7pYloGHJUjHV/4FwW4TvVgFr4=
github.com/lucasb-eyer/go-colorful v1.4.0/go.mod h1:R4dSotOR9KMtayYi1e77YzuveK+i7ruzyGqttikkLy0=
github.com/mattn/go-runewidth v0.0.24 h1:cpokDiIn0MGnhdHwuWnJBITySJ20QyNGnY2kR/ay2DU=
github.com/mattn/go-runewidth v0.0.24/go.mod h1:XBkDxAl56ILZc9knddidhrOlY5R/pDhgLpndooCuJAs=
github.com/muesli/cancelreader v0.2.2 h1:3I4Kt4BQjOR54NavqnDogx/MIoWBFa0StPA8ELUXHmA=
github.com/muesli/cancelreader v0.2.2/go.mod h1:3XuTXfFS2VjM+HTLZY9Ak0l6eUKfijIfMUZ4EgX0QYo=
github.com/pkg/errors v0.9.1 h1:FEBLx1zS214owpjy7qsBeixbURkuhQAwrK5UwLGTwt4=
github.com/pkg/errors v0.9.1/go.mod h1:bwawxfHBFNV+L2hUp1rHADufV3IMtnDRdf1r5NINEl0=
github.com/rivo/uniseg v0.4.7 h1:WUdvkW8uEhrYfLC4ZzdpI2ztxP1I582+49Oc5Mq64VQ=
github.com/rivo/uniseg v0.4.7/go.mod h1:FN3SvrM+Zdj16jyLfmOkMNblXMcoc8DfTHruCPUcx88=
github.com/rogpeppe/go-internal v1.14.1 h1:UQB4HGPB6osV0SQTLymcB4TgvyWu6ZyliaW0tI/otEQ=
github.com/rogpeppe/go-internal v1.14.1/go.mod h1:MaRKkUm5W0goXpeCfT7UZI6fk/L7L7so1lCWt35ZSgc=
github.com/xo/terminfo v0.0.0-20220910002029-abceb7e1c41e h1:JVG44RsyaB9T2KIHavMF/ppJZNG9ZpyihvCd0w101no=
github.com/xo/terminfo v0.0.0-20220910002029-abceb7e1c41e/go.mod h1:RbqR21r5mrJuqunuUZ/Dhy/avygyECGrLceyNeo4LiM=
golang.org/x/exp v0.0.0-20260410095643-746e56fc9e2f h1:W3F4c+6OLc6H2lb//N1q4WpJkhzJCK5J6kUi1NTVXfM=
golang.org/x/exp v0.0.0-20260410095643-746e56fc9e2f/go.mod h1:J1xhfL/vlindoeF/aINzNzt2Bket5bjo9sdOYzOsU80=
golang.org/x/mod v0.38.0 h1:MECBjubtXD7yj4HrhIUcywNaGeNVUdfVnxmPajOk4yk=
golang.org/x/mod v0.38.0/go.mod h1:V6Xz0pq8TQ3dGqVQ1FVHuelZpAL0uNhSkk9ogYP3c40=
golang.org/x/net v0.57.0 h1:K5+3DljvIuDG9/Jv9rvyMywYNFCQ9RSUY6OOTTkT+tE=
golang.org/x/net v0.57.0/go.mod h1:KpXc8iv+r3XplLAG/f7Jsf9RPszJzdR0f58q9vGOuEU=
golang.org/x/sync v0.22.0 h1:SZjpbeLmrCk4xhRSZFNZW5gFUeCeFgjekvI/+gfScek=
golang.org/x/sync v0.22.0/go.mod h1:9xrNwdLfx4jkKbNva9FpL6vEN7evnE43NNNJQ2LF3+0=
golang.org/x/sys v0.47.0 h1:o7XGOvZQCADBQQ4Y7VNq2dRWQR7JmOUW8Kxx4ZsNgWs=
golang.org/x/sys v0.47.0/go.mod h1:4GL1E5IUh+htKOUEOaiffhrAeqysfVGipDYzABqnCmw=
golang.org/x/term v0.45.0 h1:NwWyBmoJCbfTHpxrWoZ9C6/VxOf7ic219I8xZZFdrf0=
golang.org/x/term v0.45.0/go.mod h1:9aqxs0blBcrm/n0L9QW0aRVD+ktan8ssZromtqJC43w=
golang.org/x/text v0.40.0 h1:Ub2Z6/xjgF1WrYQz2nuITOEegKFtiIy+rieRJ5lHZKs=
golang.org/x/text v0.40.0/go.mod h1:hpnzDAfGV753zIKo+wk3u1bVKCGPbrnF7+7LBF/UHVY=
gopkg.in/check.v1 v1.0.0-20201130134442-10cb98267c6c h1:Hei/4ADfdWqJk1ZMxUNpqntNwaWcugrBjAiHlqqRiVk=
gopkg.in/check.v1 v1.0.0-20201130134442-10cb98267c6c/go.mod h1:JHkPIbrfpd72SG/EVd6muEfDQjcINNoR0C8j2r3qZ4Q=
gopkg.in/warnings.v0 v0.1.2 h1:wFXVbFY8DY5/xOe1ECiWdKCzZlxgshcYVNkBHstARME=
gopkg.in/warnings.v0 v0.1.2/go.mod h1:jksf8JmL6Qr/oQM2OXTHunEvvTAsrWBLb6OOjuVWRNI=
