github.com/happy-sdk/happy/pkg/devel/testutils v1.100.0 h1:V0rIJf/gqYUdkYxjhggeCJypXK15K5hxyXUl+02CWwE=
github.com/happy-sdk/happy/pkg/devel/testutils v1.100.0/go.mod h1:neqQCJrkhJjB/rWJLEtZAXu9aGp8DX7JsKQFN0xSAJI=
golang.org/x/text v0.40.0 h1:Ub2Z6/xjgF1WrYQz2nuITOEegKFtiIy+rieRJ5lHZKs=
golang.org/x/text v0.40.0/go.mod h1:hpnzDAfGV753zIKo+wk3u1bVKCGPbrnF7+7LBF/UHVY=
