github.com/happy-sdk/happy/pkg/devel/testutils v1.2.0 h1:1IF+woKuNvwSVFyUD3iHoyiQYfmIMwJ8CgNLf4CTC8Q=
github.com/happy-sdk/happy/pkg/devel/testutils v1.2.0/go.mod h1:ux/Evw6T4V6oUdWTEn+2VaXcStdS+BgqshsVf4IxnN0=
golang.org/x/text v0.29.0 h1:1neNs90w9YzJ9BocxfsQNHKuAT4pkghyXc4nhZ6sJvk=
golang.org/x/text v0.29.0/go.mod h1:7MhJOA9CD2qZyOKYazxdYMF85OwPdEr9jTtBpO7ydH4=
