github.com/happy-sdk/happy/pkg/bitutils v0.1.0 h1:pOYU3zKm62bRT4f0R4lRtYnY2FeZ3uafXGFWtBI/SoI=
github.com/happy-sdk/happy/pkg/bitutils v0.1.0/go.mod h1:J24Zgw3/CHw+5HXPufdbSRXaL5gocT4IfldxWfI/I2Y=
github.com/happy-sdk/happy/pkg/branding v0.4.0 h1:85QyLoCT2DHwfCe9xyg2e+BpvTHelFF2xMW2MVAN8Do=
github.com/happy-sdk/happy/pkg/branding v0.4.0/go.mod h1:UE1CFxITmp8m6H6gXDh/65kulVPBj89kpvXY6pb/65E=
github.com/happy-sdk/happy/pkg/bytesize v0.1.0 h1:sbQm3CECeUrOTa/eWqGtKGYH+KJ7gaDKugB24wwIU50=
github.com/happy-sdk/happy/pkg/bytesize v0.1.0/go.mod h1:QPk2agQRE7ce0FYXcbnq6POZqxVF4Z9zZKJKQ5UzTt8=
github.com/happy-sdk/happy/pkg/devel/goutils v0.2.0 h1:slsXk2qG6FZrivT/pNjVDm7WelAKWNp+JRN/v1Ulqzo=
github.com/happy-sdk/happy/pkg/devel/goutils v0.2.0/go.mod h1:li4DcvDABIAgNtwGLgwZKjM88R9PoF+VMzh37j7+rUQ=
github.com/happy-sdk/happy/pkg/devel/testutils v1.2.0 h1:1IF+woKuNvwSVFyUD3iHoyiQYfmIMwJ8CgNLf4CTC8Q=
github.com/happy-sdk/happy/pkg/devel/testutils v1.2.0/go.mod h1:ux/Evw6T4V6oUdWTEn+2VaXcStdS+BgqshsVf4IxnN0=
github.com/happy-sdk/happy/pkg/fsutils v0.4.0 h1:mrPv20bWkqdrga4zS4MaX1fmQpx25g/g4bEULO41djU=
github.com/happy-sdk/happy/pkg/fsutils v0.4.0/go.mod h1:LMgjfntYNsuJuvL512qKZn+qxf5DxDs9bHqNv7Vcpqk=
github.com/happy-sdk/happy/pkg/i18n v0.2.1 h1:s4FSxkUP0D9i0ajcK+6TFPoWCClk4DsAIMCzKZrOfVw=
github.com/happy-sdk/happy/pkg/i18n v0.2.1/go.mod h1:bIJDBoDaqpm7I59Pp3Z14x1+b2JWBlWxomJDWuLXp5k=
github.com/happy-sdk/happy/pkg/logging v0.3.0 h1:+6RgrnIQIgUoNqQ3l+VI14NqYy2QFS3fnAGk/kJaLNs=
github.com/happy-sdk/happy/pkg/logging v0.3.0/go.mod h1:f2RiwaDKPFVpQuQq3L7NJ9/4anYw93YcmqEKb+tkceE=
github.com/happy-sdk/happy/pkg/networking v0.2.0 h1:zJdqHrT1MQiHQaOqgj6CO+UEphuVFDLMo6c4JSrHiLg=
github.com/happy-sdk/happy/pkg/networking v0.2.0/go.mod h1:bVZQxC1qzSk8eDJbchRmHiIUac3RAQebRbfuPerHGEU=
github.com/happy-sdk/happy/pkg/options v0.7.0 h1:T1hpP2QMAgRyEJ9XJigtQTDyd7Htz0K/UECDt91iRwU=
github.com/happy-sdk/happy/pkg/options v0.7.0/go.mod h1:wMpuPXR8uE6/w4ClaoGtME1WVRy/ExaT5PhyVgOlRL4=
github.com/happy-sdk/happy/pkg/scheduling/cron v0.6.0 h1:EsBA/A+/UnaE4vJvv6yCCukKzXL8wwsYtzEpdgBKxDo=
github.com/happy-sdk/happy/pkg/scheduling/cron v0.6.0/go.mod h1:irMq1jbERaU8BonBtczCL1cxVQ9meLPZGJ9paIjs6WA=
github.com/happy-sdk/happy/pkg/settings v0.8.0 h1:BEajMzBwDc55dpW/IqwCITfLYefXSm/IjMaGKUx/Ah4=
github.com/happy-sdk/happy/pkg/settings v0.8.0/go.mod h1:CgO1FdN+zi0hU108+KDuNqJSbdq4LIzn5Wn0n+LCb7E=
github.com/happy-sdk/happy/pkg/strings/bexp v1.6.0 h1:JdMHLzQVmna4UazonUc4PXPocGL5hmY2sD8Sn/hNMb4=
github.com/happy-sdk/happy/pkg/strings/bexp v1.6.0/go.mod h1:ku3eAaLYiAnDme43HtZuvDFOHkBqqs4wEU5E1x4/YjI=
github.com/happy-sdk/happy/pkg/strings/slug v0.2.1 h1:Ky7O61hc0Xs3gZDWkS9uQjINbJ8s86Y7JVPcuWdBsDQ=
github.com/happy-sdk/happy/pkg/strings/slug v0.2.1/go.mod h1:NbUXsKWwR6Ccv4tc68s4qCSuNtQQNxoDsvUGoWD6FD8=
github.com/happy-sdk/happy/pkg/strings/textfmt v0.6.0 h1:cvCgRGUAWvFzcSp8Hjngm7TjjltG7RG8YwWsLBkc1cQ=
github.com/happy-sdk/happy/pkg/strings/textfmt v0.6.0/go.mod h1:Gs5aymYTLnDfuv1NjipPjgaLdffjbEVUuyWyDGaQtBw=
github.com/happy-sdk/happy/pkg/tui v0.2.0 h1:pSrb5a3dXc7KXTypYJjey1JgpO7pdgZve1OT7FMzpbI=
github.com/happy-sdk/happy/pkg/tui v0.2.0/go.mod h1:qqmTjwlJaPNpIbCj3UezJMhSO/kwBHC0fBGCM7LRBjE=
github.com/happy-sdk/happy/pkg/vars v0.20.0 h1:6eXUCP43yjx8Iibu+BJu39NAo8wecj2X8cf/duZCTfE=
github.com/happy-sdk/happy/pkg/vars v0.20.0/go.mod h1:wDVCufLDjva+wfh9YVdcLw7BUrETWOAEOAhCOfZb9Xk=
github.com/happy-sdk/happy/pkg/version v0.5.0 h1:XL1XdlvMNgt+k3/ycdfcJbX7Ud7PVb6WR+UUQuo5zW8=
github.com/happy-sdk/happy/pkg/version v0.5.0/go.mod h1:jcFczYY+S46nQ+TkaRTsR2H7DrsihguS1vg1UvxdkH4=
golang.org/x/mod v0.30.0 h1:fDEXFVZ/fmCKProc/yAXXUijritrDzahmwwefnjoPFk=
golang.org/x/mod v0.30.0/go.mod h1:lAsf5O2EvJeSFMiBxXDki7sCgAxEUcZHXoXMKT4GJKc=
golang.org/x/sync v0.18.0 h1:kr88TuHDroi+UVf+0hZnirlk8o8T+4MrK6mr60WkH/I=
golang.org/x/sync v0.18.0/go.mod h1:9KTHXmSnoGruLpwFjVSX0lNNA75CykiMECbovNTZqGI=
golang.org/x/sys v0.38.0 h1:3yZWxaJjBmCWXqhN1qh02AkOnCQ1poK6oF+a7xWL6Gc=
golang.org/x/sys v0.38.0/go.mod h1:OgkHotnGiDImocRcuBABYBEXf8A9a87e/uXjp9XT3ks=
golang.org/x/term v0.37.0 h1:8EGAD0qCmHYZg6J17DvsMy9/wJ7/D/4pV/wfnld5lTU=
golang.org/x/term v0.37.0/go.mod h1:5pB4lxRNYYVZuTLmy8oR2BH8dflOR+IbTYFD8fi3254=
golang.org/x/text v0.31.0 h1:aC8ghyu4JhP8VojJ2lEHBnochRno1sgL6nEi9WGFGMM=
golang.org/x/text v0.31.0/go.mod h1:tKRAlv61yKIjGGHX/4tP1LTbc13YSec1pxVEWXzfoeM=
