github.com/happy-sdk/happy/pkg/bitutils v0.1.1 h1:WeIj8gP16xgKZZLq6naVAfgyxoY1pzF2Elb9hiYMm9s=
github.com/happy-sdk/happy/pkg/bitutils v0.1.1/go.mod h1:/Dqsuu4nS7fSpsUwrVIsmEWqe4l8M/dDo2ZGIkqCPwQ=
github.com/happy-sdk/happy/pkg/branding v0.5.0 h1:TrH3m2AWF2gOC3Bmhi3k1qLEezjIOVLa/4Dd8wUCBt0=
github.com/happy-sdk/happy/pkg/branding v0.5.0/go.mod h1:1jCIXHKfQ/dWMH7PgV8TMFU34G+3WyAUbDrKMG2zP6Q=
github.com/happy-sdk/happy/pkg/bytesize v0.2.0 h1:OAQRCmDEVLUcFFzDXgZoekovvgvAUfLHNdAC3iCui/Q=
github.com/happy-sdk/happy/pkg/bytesize v0.2.0/go.mod h1:6/0lvv88AS50VeTd/3dYtmpeBuzGo44/NQCs4+T9K2Y=
github.com/happy-sdk/happy/pkg/devel/goutils v0.3.0 h1:kbDk81uC+UQTxmcxGKiD9b7R2rwFr29TZZ3zExn0JrU=
github.com/happy-sdk/happy/pkg/devel/goutils v0.3.0/go.mod h1:/JtbW/2ijOZTvJumWLDPlo8J2s2BM41lq4WC5Nz3l3E=
github.com/happy-sdk/happy/pkg/devel/testutils v1.3.0 h1:t1083M+F1M1w/tFjsWxmXWhMe7ePjlvU9GdJYZ1o1zQ=
github.com/happy-sdk/happy/pkg/devel/testutils v1.3.0/go.mod h1:8x6zlUA0Ok4JUVN1XUcDcJ/cN4FCJb93SE635v4OmYc=
github.com/happy-sdk/happy/pkg/fsutils v1.0.0 h1:GKJu/KZACj150HGZm48uEOvrNjg61u7xdxaRCCRkmf4=
github.com/happy-sdk/happy/pkg/fsutils v1.0.0/go.mod h1:+HTq2zlG1pexvWrvPxjiHmphz/GlSpeBJnew6ax51QA=
github.com/happy-sdk/happy/pkg/i18n v1.0.0 h1:0bj7TUQB76Rkm45R8R8Yq+E98gKtHBPSavifc2DkHMs=
github.com/happy-sdk/happy/pkg/i18n v1.0.0/go.mod h1:sY311c8dwwXgwtCyuXZwn7Y3aWzA3R1xC+KiRkdGRig=
github.com/happy-sdk/happy/pkg/logging v0.4.0 h1:GLM/pFsXZCB7XYyUIlZ+4O3gUdQAkh0FFVZ6pEYvFTU=
github.com/happy-sdk/happy/pkg/logging v0.4.0/go.mod h1:BsdoPqRXutd4fKNmKFtwgMG/Ek3VR0aIPyw2Zx14ALI=
github.com/happy-sdk/happy/pkg/networking v0.3.0 h1:I2/Y4lapNFm7HhEPMhVEVoe6d0uuFJ8KIzDpq+HsIdk=
github.com/happy-sdk/happy/pkg/networking v0.3.0/go.mod h1:XQSzxR0m8zk9yIJiQSwUS618CyGsgCd3PyBLnoYeH8s=
github.com/happy-sdk/happy/pkg/options v0.8.0 h1:dYSb+66rAc0PGncZoiKMHSpcYqpjf7Fch6Hd72Pa/0o=
github.com/happy-sdk/happy/pkg/options v0.8.0/go.mod h1:yrllzXnOxOm6T6bjEGXEpkholwZnV0F4/N4Aw4EksR0=
github.com/happy-sdk/happy/pkg/scheduling/cron v0.7.0 h1:/Y0E9LnHQVCTnuFhc5m1zUB8UfdVcdRKQqYDdGj9nPQ=
github.com/happy-sdk/happy/pkg/scheduling/cron v0.7.0/go.mod h1:1SQXaBz1SXmXLqlW0BI4RGfvAXC4V4UD2mAfiJTD1dU=
github.com/happy-sdk/happy/pkg/settings v1.0.0 h1:5cySSVSfthbPGWwvrGxusvmUtnkcwkssOnsOn/JDW+Q=
github.com/happy-sdk/happy/pkg/settings v1.0.0/go.mod h1:TO2aDLShKIil9bgLoNHAkNzDNyf8Pj7BD9FL7RXwMbo=
github.com/happy-sdk/happy/pkg/strings/bexp v1.7.0 h1:0QfT/GcrXMHu6yLKYTH57eFyufb0pOpxatQSFV8VhPQ=
github.com/happy-sdk/happy/pkg/strings/bexp v1.7.0/go.mod h1:u380brsbamc15bBxYzEHAkDDBI6r/Sug5NHqaXTXrEw=
github.com/happy-sdk/happy/pkg/strings/slug v0.3.0 h1:pL8UpFJZ0hbqs/7BfqjdyAo4b2LRjA6HGSsvh3jLYpo=
github.com/happy-sdk/happy/pkg/strings/slug v0.3.0/go.mod h1:/HSnnA7uKJCCT6zMWB2YeFO+qTSYx4/9OzG7vGRyc88=
github.com/happy-sdk/happy/pkg/strings/textfmt v0.7.0 h1:Cu+FoqXWBtPrr0RIcmCRYogIniZJNePgOXdteWWnrhs=
github.com/happy-sdk/happy/pkg/strings/textfmt v0.7.0/go.mod h1:lLzb9aDyzEEkwmr6Jl7EGXuPdZGvJuYH7UR/I9ZeoPk=
github.com/happy-sdk/happy/pkg/tui v0.3.0 h1:25mXKLQllAV0jOg8RPVdh8iVV6+cDLXWZlkCCuHoX2U=
github.com/happy-sdk/happy/pkg/tui v0.3.0/go.mod h1:VfQ7XqaYHoJXtad6MJabmvno3oerVwJXiTjA8kGG8zk=
github.com/happy-sdk/happy/pkg/vars v1.0.0 h1:wcHBVWN1GJPzC9iw4yw0CBuKl7XCEDJ1mkBp+UHw8rE=
github.com/happy-sdk/happy/pkg/vars v1.0.0/go.mod h1:z4Gc3iF2ouW+J3ZN/G8A9d7uFufGyQoLKWbEIP092tQ=
github.com/happy-sdk/happy/pkg/version v0.6.0 h1:40ftdh5cqXzlGVB9H1B5/1+gHo9dgKEUkL9aSm3wV+A=
github.com/happy-sdk/happy/pkg/version v0.6.0/go.mod h1:U8uPMqbnYVBIi7GeD8YkQu4jsyOo5wCugAPdwjVscw4=
golang.org/x/mod v0.30.0 h1:fDEXFVZ/fmCKProc/yAXXUijritrDzahmwwefnjoPFk=
golang.org/x/mod v0.30.0/go.mod h1:lAsf5O2EvJeSFMiBxXDki7sCgAxEUcZHXoXMKT4GJKc=
golang.org/x/sync v0.18.0 h1:kr88TuHDroi+UVf+0hZnirlk8o8T+4MrK6mr60WkH/I=
golang.org/x/sync v0.18.0/go.mod h1:9KTHXmSnoGruLpwFjVSX0lNNA75CykiMECbovNTZqGI=
golang.org/x/sys v0.38.0 h1:3yZWxaJjBmCWXqhN1qh02AkOnCQ1poK6oF+a7xWL6Gc=
golang.org/x/sys v0.38.0/go.mod h1:OgkHotnGiDImocRcuBABYBEXf8A9a87e/uXjp9XT3ks=
golang.org/x/term v0.37.0 h1:8EGAD0qCmHYZg6J17DvsMy9/wJ7/D/4pV/wfnld5lTU=
golang.org/x/term v0.37.0/go.mod h1:5pB4lxRNYYVZuTLmy8oR2BH8dflOR+IbTYFD8fi3254=
golang.org/x/text v0.31.0 h1:aC8ghyu4JhP8VojJ2lEHBnochRno1sgL6nEi9WGFGMM=
golang.org/x/text v0.31.0/go.mod h1:tKRAlv61yKIjGGHX/4tP1LTbc13YSec1pxVEWXzfoeM=
