github.com/happy-sdk/happy/pkg/cli/ansicolor v0.1.2-0.20240130002506-403322e17fb5 h1:xUGekoGu4iKycozBu0F0xBNvQjdIIcGeFYINRIX6dS0=
github.com/happy-sdk/happy/pkg/cli/ansicolor v0.1.2-0.20240130002506-403322e17fb5/go.mod h1:QXrUuCN5F3kh1q/JTF6THVQ1k37eylyyu2NPlmc/l1E=
github.com/happy-sdk/happy/pkg/devel/testutils v0.4.0 h1:kTco3B+1bX8Yc+YNzCD5kcScM3zBXDglwwPpf7KWSrM=
github.com/happy-sdk/happy/pkg/devel/testutils v0.4.0/go.mod h1:RhJucLCtEYMceBiIex9+9YmR05q0zs9qchSLnUDdFeY=
github.com/happy-sdk/happy/pkg/scheduling/cron v0.3.2-0.20240130002506-403322e17fb5 h1:QvEDrxbAZCy9fpQkS80cEiRvSlSE809/JmpeooSi20A=
github.com/happy-sdk/happy/pkg/scheduling/cron v0.3.2-0.20240130002506-403322e17fb5/go.mod h1:wmaR+9iBIpKiGAuIga1OeSzUiENPbLMv2sKO14WlZ1I=
github.com/happy-sdk/happy/pkg/strings/bexp v1.2.0 h1:AlRScf/YTJ0z4NKPiRc2u3ivrCJGFjhoHWHlgEvuCTw=
github.com/happy-sdk/happy/pkg/strings/bexp v1.2.0/go.mod h1:VZgJS9YDToU+u2vzwjAQPevKGnAuv6HZGwIt4V5NpRY=
github.com/happy-sdk/happy/pkg/vars v0.5.2-0.20240130002506-403322e17fb5 h1:/neBs7FK0m6Vn+7madxHRd1pKzukD/CjhG3Bk26zY5I=
github.com/happy-sdk/happy/pkg/vars v0.5.2-0.20240130002506-403322e17fb5/go.mod h1:CJwZNAtxiStWeGiSciWg5Ak5uZbcAxKmHhIx3u5CyZA=
github.com/happy-sdk/happy/pkg/version v0.1.1-0.20240130002506-403322e17fb5 h1:lgiOMjt+0cQjhDUw+7N412j8L6k4KIHxC/CJ5X+fnW0=
github.com/happy-sdk/happy/pkg/version v0.1.1-0.20240130002506-403322e17fb5/go.mod h1:0cYSG2YMvEiyfiFmpQHVq0bXuYGMjJBYqmug+WBnfUs=
golang.org/x/mod v0.14.0 h1:dGoOF9QVLYng8IHTm7BAyWqCqSheQ5pYWGhzW00YJr0=
golang.org/x/mod v0.14.0/go.mod h1:hTbmBsO62+eylJbnUtE2MGJUyE7QWk4xUqPFrRgJ+7c=
golang.org/x/text v0.14.0 h1:ScX5w1eTa3QqT8oi6+ziP7dTV1S2+ALU0bI+0zXKWiQ=
golang.org/x/text v0.14.0/go.mod h1:18ZOQIKpY8NJVqYksKHtTdi31H5itFRjB5/qKTNYzSU=
