codeberg.org/go-pdf/fpdf v0.12.0 h1:g8E/1VqGqB2lZUUaqQrrTnA0IEJLPTTX1DZ0qS/ZmhU=
codeberg.org/go-pdf/fpdf v0.12.0/go.mod h1:WJNJ2bvCj81rZBdhOf7lKOGoSl+OKMXcIcXqDcP8r5Y=
github.com/happy-sdk/happy/pkg/devel/testutils v1.100.0 h1:V0rIJf/gqYUdkYxjhggeCJypXK15K5hxyXUl+02CWwE=
github.com/happy-sdk/happy/pkg/devel/testutils v1.100.0/go.mod h1:neqQCJrkhJjB/rWJLEtZAXu9aGp8DX7JsKQFN0xSAJI=
