github.com/happy-sdk/happy/pkg/logging v0.2.2 h1:ms4qBJ2xnATCkfVi3jMQhLDH7+e3fu4EnHx1ACQ80do=
github.com/happy-sdk/happy/pkg/logging v0.2.2/go.mod h1:+0uJHtXLcKfDNZdXl8RSYKPdyt2TnAxn3yUJJbJPVpU=
github.com/happy-sdk/happy/pkg/tui v0.1.0 h1:CJdighgT2Ugv7hY/NgiSl3yMachl4bVhQYzjvYhVWd0=
github.com/happy-sdk/happy/pkg/tui v0.1.0/go.mod h1:qqmTjwlJaPNpIbCj3UezJMhSO/kwBHC0fBGCM7LRBjE=
