github.com/happy-sdk/happy/pkg/logging v0.2.3 h1:Y+FVUjOQTufLug/UPmdKPrKlOr54n4W6axPCfA1pI7s=
github.com/happy-sdk/happy/pkg/logging v0.2.3/go.mod h1:+0uJHtXLcKfDNZdXl8RSYKPdyt2TnAxn3yUJJbJPVpU=
github.com/happy-sdk/happy/pkg/tui v0.1.0 h1:CJdighgT2Ugv7hY/NgiSl3yMachl4bVhQYzjvYhVWd0=
github.com/happy-sdk/happy/pkg/tui v0.1.0/go.mod h1:qqmTjwlJaPNpIbCj3UezJMhSO/kwBHC0fBGCM7LRBjE=
