github.com/happy-sdk/happy/pkg/devel/testutils v1.3.0 h1:t1083M+F1M1w/tFjsWxmXWhMe7ePjlvU9GdJYZ1o1zQ=
github.com/happy-sdk/happy/pkg/devel/testutils v1.3.0/go.mod h1:8x6zlUA0Ok4JUVN1XUcDcJ/cN4FCJb93SE635v4OmYc=
github.com/happy-sdk/happy/pkg/i18n v1.0.0 h1:0bj7TUQB76Rkm45R8R8Yq+E98gKtHBPSavifc2DkHMs=
github.com/happy-sdk/happy/pkg/i18n v1.0.0/go.mod h1:sY311c8dwwXgwtCyuXZwn7Y3aWzA3R1xC+KiRkdGRig=
github.com/happy-sdk/happy/pkg/vars v1.0.0 h1:wcHBVWN1GJPzC9iw4yw0CBuKl7XCEDJ1mkBp+UHw8rE=
github.com/happy-sdk/happy/pkg/vars v1.0.0/go.mod h1:z4Gc3iF2ouW+J3ZN/G8A9d7uFufGyQoLKWbEIP092tQ=
github.com/happy-sdk/happy/pkg/version v0.6.0 h1:40ftdh5cqXzlGVB9H1B5/1+gHo9dgKEUkL9aSm3wV+A=
github.com/happy-sdk/happy/pkg/version v0.6.0/go.mod h1:U8uPMqbnYVBIi7GeD8YkQu4jsyOo5wCugAPdwjVscw4=
golang.org/x/mod v0.30.0 h1:fDEXFVZ/fmCKProc/yAXXUijritrDzahmwwefnjoPFk=
golang.org/x/mod v0.30.0/go.mod h1:lAsf5O2EvJeSFMiBxXDki7sCgAxEUcZHXoXMKT4GJKc=
golang.org/x/text v0.31.0 h1:aC8ghyu4JhP8VojJ2lEHBnochRno1sgL6nEi9WGFGMM=
golang.org/x/text v0.31.0/go.mod h1:tKRAlv61yKIjGGHX/4tP1LTbc13YSec1pxVEWXzfoeM=
