github.com/happy-sdk/bexp v1.0.1 h1:SfcBxLBbPdYOAZ2QKMd9+2SShFeOCszXM1F5yO89uC4=
github.com/happy-sdk/bexp v1.0.1/go.mod h1:95bnNlcS6ac8jCZRm2laY6fKU//Ek3evtfQcK4IoiQ0=
github.com/happy-sdk/cron v0.2.0 h1:4XzFMawTrEpniDyApQKWbILCC5o0xMDxWVxFBF4LSjA=
github.com/happy-sdk/cron v0.2.0/go.mod h1:r+X4TWEvjmUyg1MQtEMhl/by1vm6zQLSveMmChxTvbo=
github.com/happy-sdk/happy v0.11.0 h1:p//FcGDf+w9NSTwS3obB9o3xGqT3qC3hOPhGuaaiqPo=
github.com/happy-sdk/happy v0.11.0/go.mod h1:UKFy6g9VsblSJY4FgEgvyIXTbo9sVN25NMDmgbGs6yQ=
github.com/happy-sdk/testutils v0.2.0 h1:xJcM0+Z/lXME8pNv17vGUufTCYvMRwNeaDX5ydPI+JU=
github.com/happy-sdk/testutils v0.2.0/go.mod h1:ftT4kUSmA9wZOpNwJ7+fWYRwszqbBNcdgwVVttuw8W8=
github.com/happy-sdk/varflag v0.1.1 h1:CpIG5sBBQVspJNBrNIiJkV0rrwGeiBd62FFoPAxzlhw=
github.com/happy-sdk/varflag v0.1.1/go.mod h1:mEamfaEkpT8TTRvlZj6CqTrq23jjYOwVGHYRp+XNths=
github.com/happy-sdk/vars v0.2.2 h1:iwPitoMncaT1YhZxpeQ/mVOh9hBRhtMMS48xunphqHk=
github.com/happy-sdk/vars v0.2.2/go.mod h1:j4BBysS/6vQGygK5u8b2fUjHCqSPH+1kitW41vm/L/o=
golang.org/x/mod v0.12.0 h1:rmsUpXtvNzj340zd98LZ4KntptpfRHwpFOHG188oHXc=
golang.org/x/mod v0.12.0/go.mod h1:iBbtSCu2XBx23ZKBPSOrRkjjQPZFPuis4dIYUhu/chs=
golang.org/x/text v0.12.0 h1:k+n5B8goJNdU7hSvEtMUz3d1Q6D/XW4COJSJR6fN0mc=
golang.org/x/text v0.12.0/go.mod h1:TvPlkZtksWOMsz7fbANvkp4WM8x/WCo/om8BMLbz+aE=
