github.com/happy-sdk/bexp v1.0.0 h1:XXWOCDyCSd5HVrHEXc/+HeeuA8rE30SacAXF5qhW+KM=
github.com/happy-sdk/bexp v1.0.0/go.mod h1:95bnNlcS6ac8jCZRm2laY6fKU//Ek3evtfQcK4IoiQ0=
github.com/happy-sdk/testutils v0.1.0 h1:7jYFcTsez5TavQLGng6K0IhAlHblf/9NVcD+4GAmoMw=
github.com/happy-sdk/testutils v0.1.0/go.mod h1:IohaDw/QxMYdUyg0jMHoAqEJTKwKRU8bWaXwclHmIr8=
github.com/happy-sdk/vars v0.1.0 h1:HcyDxSVr27EZ/jxzEf/cdfyzDalMETofIt/NFWTT6qo=
github.com/happy-sdk/vars v0.1.0/go.mod h1:jXFoyck/ZJpHWSrsFgyHQ6JFaRoI7jUfF1+D8a7dyPY=
golang.org/x/text v0.8.0 h1:57P1ETyNKtuIjB4SRd15iJxuhj8Gc416Y78H3qgMh68=
