github.com/happy-sdk/testutils v0.1.0 h1:7jYFcTsez5TavQLGng6K0IhAlHblf/9NVcD+4GAmoMw=
github.com/happy-sdk/testutils v0.1.0/go.mod h1:IohaDw/QxMYdUyg0jMHoAqEJTKwKRU8bWaXwclHmIr8=
golang.org/x/text v0.8.0 h1:57P1ETyNKtuIjB4SRd15iJxuhj8Gc416Y78H3qgMh68=
golang.org/x/text v0.8.0/go.mod h1:e1OnstbJyHTd6l/uOt8jFFHp6TRDWZR/bV3emEE/zU8=
