github.com/happy-sdk/happy/pkg/bitutils v1.0.0 h1:N0dDyUUImgOIxxlhra8hNKUu8r02spwaovSfQw2LWfA=
github.com/happy-sdk/happy/pkg/bitutils v1.0.0/go.mod h1:atRNf0a4mRkbNC8QLzkbQv2Zhow9BajWCEH5IoUf8yg=
github.com/happy-sdk/happy/pkg/devel/testutils v1.3.1 h1:u+T/Zt3/NlOaMktH3FIs7yv6hR/qeseN/KCDAtLAoOM=
github.com/happy-sdk/happy/pkg/devel/testutils v1.3.1/go.mod h1:8x6zlUA0Ok4JUVN1XUcDcJ/cN4FCJb93SE635v4OmYc=
github.com/happy-sdk/happy/pkg/logging v1.0.0 h1:D6aQr/6DpSG06pzGPV+nezea6+3UPEd+JqetYKElOtM=
github.com/happy-sdk/happy/pkg/logging v1.0.0/go.mod h1:PPBLj/xPzhNmTEhOVrZW9rSYRUYIw1rqlrkvVOlrvTE=
github.com/happy-sdk/happy/pkg/tui v1.0.0 h1:2DiQB1wUgQ5p5mkQsy6ilGTGdjyvXf/D3quhqPZcrfA=
github.com/happy-sdk/happy/pkg/tui v1.0.0/go.mod h1:VfQ7XqaYHoJXtad6MJabmvno3oerVwJXiTjA8kGG8zk=
