github.com/happy-sdk/happy/pkg/bitutils v1.0.0 h1:N0dDyUUImgOIxxlhra8hNKUu8r02spwaovSfQw2LWfA=
github.com/happy-sdk/happy/pkg/bitutils v1.0.0/go.mod h1:atRNf0a4mRkbNC8QLzkbQv2Zhow9BajWCEH5IoUf8yg=
github.com/happy-sdk/happy/pkg/devel/testutils v1.3.1 h1:u+T/Zt3/NlOaMktH3FIs7yv6hR/qeseN/KCDAtLAoOM=
github.com/happy-sdk/happy/pkg/devel/testutils v1.3.1/go.mod h1:8x6zlUA0Ok4JUVN1XUcDcJ/cN4FCJb93SE635v4OmYc=
github.com/happy-sdk/happy/pkg/tui v1.0.0 h1:2DiQB1wUgQ5p5mkQsy6ilGTGdjyvXf/D3quhqPZcrfA=
github.com/happy-sdk/happy/pkg/tui v1.0.0/go.mod h1:VfQ7XqaYHoJXtad6MJabmvno3oerVwJXiTjA8kGG8zk=
golang.org/x/sync v0.18.0 h1:kr88TuHDroi+UVf+0hZnirlk8o8T+4MrK6mr60WkH/I=
golang.org/x/sync v0.18.0/go.mod h1:9KTHXmSnoGruLpwFjVSX0lNNA75CykiMECbovNTZqGI=
