github.com/happy-sdk/happy/pkg/bitutils v0.1.0 h1:pOYU3zKm62bRT4f0R4lRtYnY2FeZ3uafXGFWtBI/SoI=
github.com/happy-sdk/happy/pkg/bitutils v0.1.0/go.mod h1:J24Zgw3/CHw+5HXPufdbSRXaL5gocT4IfldxWfI/I2Y=
github.com/happy-sdk/happy/pkg/devel/testutils v1.2.0 h1:1IF+woKuNvwSVFyUD3iHoyiQYfmIMwJ8CgNLf4CTC8Q=
github.com/happy-sdk/happy/pkg/devel/testutils v1.2.0/go.mod h1:ux/Evw6T4V6oUdWTEn+2VaXcStdS+BgqshsVf4IxnN0=
github.com/happy-sdk/happy/pkg/tui v0.2.0 h1:pSrb5a3dXc7KXTypYJjey1JgpO7pdgZve1OT7FMzpbI=
github.com/happy-sdk/happy/pkg/tui v0.2.0/go.mod h1:qqmTjwlJaPNpIbCj3UezJMhSO/kwBHC0fBGCM7LRBjE=
golang.org/x/sync v0.17.0 h1:l60nONMj9l5drqw6jlhIELNv9I0A4OFgRsG9k2oT9Ug=
golang.org/x/sync v0.17.0/go.mod h1:9KTHXmSnoGruLpwFjVSX0lNNA75CykiMECbovNTZqGI=
