github.com/happy-sdk/happy/pkg/bitutils v1.0.3 h1:6bK5Nt9KtTotdlV4yHODbM8JlFCVldWdie6VPpyUMQw=
github.com/happy-sdk/happy/pkg/bitutils v1.0.3/go.mod h1:RHPvN0lp1lMAofLV6kPMnVkwWssL4uqqfmBEX+JGG54=
github.com/happy-sdk/happy/pkg/devel/testutils v1.3.4 h1:Y399fmaEl6Dod6i9S2mG7tBd8aEyaLe1xNfoQjMPEt8=
github.com/happy-sdk/happy/pkg/devel/testutils v1.3.4/go.mod h1:oUfrdQ/nRMMKseZ9UV5XyKN48f2Qhs53WEMv/E6rlP8=
github.com/happy-sdk/happy/pkg/tui v1.0.1 h1:4vF7IuMyCzc4GQsSA3No5bRS/rk7pLKzGxIH6cl1VQk=
github.com/happy-sdk/happy/pkg/tui v1.0.1/go.mod h1:sDj6JC40L4eKYCfD+H/HDaM6nAZrywo0wos7EXDqaB4=
