github.com/goccy/go-yaml v1.19.2 h1:PmFC1S6h8ljIz6gMRBopkjP1TVT7xuwrButHID66PoM=
github.com/goccy/go-yaml v1.19.2/go.mod h1:XBurs7gK8ATbW4ZPGKgcbrY1Br56PdM69F7LkFRi1kA=
github.com/happy-sdk/happy/pkg/devel/testutils v1.100.0 h1:V0rIJf/gqYUdkYxjhggeCJypXK15K5hxyXUl+02CWwE=
github.com/happy-sdk/happy/pkg/devel/testutils v1.100.0/go.mod h1:neqQCJrkhJjB/rWJLEtZAXu9aGp8DX7JsKQFN0xSAJI=
