github.com/mkungla/bexp/v3 v3.0.1 h1:UqcWAaxWn+rmJ+3ZgwokMrUerGMUeOFihUPrTLPFZ9Q=
github.com/mkungla/bexp/v3 v3.0.1/go.mod h1:zkzndAaEcYdZcu+cB4WkNYQuG7pwjzMOZLn3vM8KD+8=
github.com/robfig/cron/v3 v3.0.1 h1:WdRxkvbJztn8LMz/QEvLN5sBU+xKpSqwwUO1Pjr4qDs=
github.com/robfig/cron/v3 v3.0.1/go.mod h1:eQICP3HwyT7UooqI/z+Ov+PtYAWygg1TEWWzGIFLtro=
golang.org/x/mod v0.7.0 h1:LapD9S96VoQRhi/GrNTqeBJFrUjs5UHCAtTlgwA5oZA=
golang.org/x/mod v0.7.0/go.mod h1:iBbtSCu2XBx23ZKBPSOrRkjjQPZFPuis4dIYUhu/chs=
