github.com/happy-sdk/bexp v1.0.0 h1:XXWOCDyCSd5HVrHEXc/+HeeuA8rE30SacAXF5qhW+KM=
github.com/happy-sdk/bexp v1.0.0/go.mod h1:95bnNlcS6ac8jCZRm2laY6fKU//Ek3evtfQcK4IoiQ0=
github.com/happy-sdk/cron v0.1.0 h1:pjqvxDc5Zgly5go/npejpy1bFCe6iJM0suCHDvVagTA=
github.com/happy-sdk/cron v0.1.0/go.mod h1:5nzWXdpRZ46LP+u9zVGjzEBizbQukkww8wqQVCkrULk=
github.com/happy-sdk/testutils v0.1.0 h1:7jYFcTsez5TavQLGng6K0IhAlHblf/9NVcD+4GAmoMw=
github.com/happy-sdk/testutils v0.1.0/go.mod h1:IohaDw/QxMYdUyg0jMHoAqEJTKwKRU8bWaXwclHmIr8=
github.com/happy-sdk/varflag v0.1.0 h1:A1943Hi2eTe0ZCpXn3QXshWuCZL5Gq9eqcRSAuqMgsc=
github.com/happy-sdk/varflag v0.1.0/go.mod h1:ked5kZjglhcq7OSG3A/Bdad02GRdvTJtjUGr3onO0t8=
github.com/happy-sdk/vars v0.1.0 h1:HcyDxSVr27EZ/jxzEf/cdfyzDalMETofIt/NFWTT6qo=
github.com/happy-sdk/vars v0.1.0/go.mod h1:jXFoyck/ZJpHWSrsFgyHQ6JFaRoI7jUfF1+D8a7dyPY=
golang.org/x/exp v0.0.0-20230315142452-642cacee5cc0 h1:pVgRXcIictcr+lBQIFeiwuwtDIs4eL21OuM9nyAADmo=
golang.org/x/exp v0.0.0-20230315142452-642cacee5cc0/go.mod h1:CxIveKay+FTh1D0yPZemJVgC/95VzuuOLq5Qi4xnoYc=
golang.org/x/mod v0.9.0 h1:KENHtAZL2y3NLMYZeHY9DW8HW8V+kQyJsY/V9JlKvCs=
golang.org/x/mod v0.9.0/go.mod h1:iBbtSCu2XBx23ZKBPSOrRkjjQPZFPuis4dIYUhu/chs=
golang.org/x/sys v0.7.0 h1:3jlCCIQZPdOYu1h8BkNvLz8Kgwtae2cagcG/VamtZRU=
golang.org/x/sys v0.7.0/go.mod h1:oPkhp1MJrh7nUepCBck5+mAzfO9JrbApNNgaTdGDITg=
golang.org/x/term v0.7.0 h1:BEvjmm5fURWqcfbSKTdpkDXYBrUS1c0m8agp14W48vQ=
golang.org/x/term v0.7.0/go.mod h1:P32HKFT3hSsZrRxla30E9HqToFYAQPCMs/zFMBUFqPY=
golang.org/x/text v0.8.0 h1:57P1ETyNKtuIjB4SRd15iJxuhj8Gc416Y78H3qgMh68=
