github.com/happy-sdk/happy/pkg/devel/testutils v1.3.3 h1:V9YVzJiHP+2fa/EXOAeAhn2c9ZbfePtj8lg7vHMa05A=
github.com/happy-sdk/happy/pkg/devel/testutils v1.3.3/go.mod h1:8x6zlUA0Ok4JUVN1XUcDcJ/cN4FCJb93SE635v4OmYc=
golang.org/x/sys v0.47.0 h1:o7XGOvZQCADBQQ4Y7VNq2dRWQR7JmOUW8Kxx4ZsNgWs=
golang.org/x/sys v0.47.0/go.mod h1:4GL1E5IUh+htKOUEOaiffhrAeqysfVGipDYzABqnCmw=
