github.com/happy-sdk/happy/pkg/devel/testutils v1.2.0 h1:1IF+woKuNvwSVFyUD3iHoyiQYfmIMwJ8CgNLf4CTC8Q=
github.com/happy-sdk/happy/pkg/devel/testutils v1.2.0/go.mod h1:ux/Evw6T4V6oUdWTEn+2VaXcStdS+BgqshsVf4IxnN0=
golang.org/x/sys v0.36.0 h1:KVRy2GtZBrk1cBYA7MKu5bEZFxQk4NIDV6RLVcC8o0k=
golang.org/x/sys v0.36.0/go.mod h1:OgkHotnGiDImocRcuBABYBEXf8A9a87e/uXjp9XT3ks=
