github.com/happy-sdk/happy/pkg/devel/testutils v0.5.0 h1:VMEbLL4CmBSn/w1yUO1jDq1RnnNA5IMcuaH41mpf/sk=
github.com/happy-sdk/happy/pkg/devel/testutils v0.5.0/go.mod h1:RhJucLCtEYMceBiIex9+9YmR05q0zs9qchSLnUDdFeY=
github.com/happy-sdk/happy/pkg/strings/bexp v1.2.2-0.20240130002506-403322e17fb5 h1:Xjaehvo7fHhR6Kcy8gfY/YoC/7+ywsPMvISvZPt1gKA=
github.com/happy-sdk/happy/pkg/strings/bexp v1.2.2-0.20240130002506-403322e17fb5/go.mod h1:VZgJS9YDToU+u2vzwjAQPevKGnAuv6HZGwIt4V5NpRY=
golang.org/x/text v0.14.0 h1:ScX5w1eTa3QqT8oi6+ziP7dTV1S2+ALU0bI+0zXKWiQ=
golang.org/x/text v0.14.0/go.mod h1:18ZOQIKpY8NJVqYksKHtTdi31H5itFRjB5/qKTNYzSU=
