github.com/happy-sdk/happy/pkg/devel/testutils v1.1.1 h1:30QjezZbtLX263ItCMruZmOqK6UE48H9uS4QUPH9yPc=
github.com/happy-sdk/happy/pkg/devel/testutils v1.1.1/go.mod h1:ux/Evw6T4V6oUdWTEn+2VaXcStdS+BgqshsVf4IxnN0=
github.com/happy-sdk/happy/pkg/vars v0.19.0 h1:+i47EmofAXpNLyiiEtf59uSiT4x3EuoWGTrVoYpxGIM=
github.com/happy-sdk/happy/pkg/vars v0.19.0/go.mod h1:TZjApQ+14knllK6nLrbkPSeHa+WnhMYTt0P6C9eKaMY=
golang.org/x/text v0.28.0 h1:rhazDwis8INMIwQ4tpjLDzUhx6RlXqZNPEM0huQojng=
